// !$*UTF8*$!
{
	archiveVersion = 1;
	classes = {
	};
	objectVersion = 51;
	objects = {

/* Begin PBXBuildFile section */
		A60916E623310D85003198A4 /* ServerCommunication.m in Sources */ = {isa = PBXBuildFile; fileRef = A60916E523310D85003198A4 /* ServerCommunication.m */; };
		A65A479823F1674E0020BE06 /* Pods_sdk_ios_objectivec_sample.framework in Frameworks */ = {isa = PBXBuildFile; fileRef = 680A3429245794D8A32CAA58 /* Pods_sdk_ios_objectivec_sample.framework */; };
		A65A479923F1674E0020BE06 /* Pods_sdk_ios_objectivec_sample.framework in Embed Frameworks */ = {isa = PBXBuildFile; fileRef = 680A3429245794D8A32CAA58 /* Pods_sdk_ios_objectivec_sample.framework */; settings = {ATTRIBUTES = (CodeSignOnCopy, RemoveHeadersOnCopy, ); }; };
		A678C7F723F1623800F6F95F /* (null) in Embed Frameworks */ = {isa = PBXBuildFile; settings = {ATTRIBUTES = (CodeSignOnCopy, RemoveHeadersOnCopy, ); }; };
		A6CD4C3E232F806700E13EEC /* AppDelegate.m in Sources */ = {isa = PBXBuildFile; fileRef = A6CD4C3D232F806700E13EEC /* AppDelegate.m */; };
		A6CD4C41232F806700E13EEC /* ViewController.m in Sources */ = {isa = PBXBuildFile; fileRef = A6CD4C40232F806700E13EEC /* ViewController.m */; };
		A6CD4C44232F806700E13EEC /* Main.storyboard in Resources */ = {isa = PBXBuildFile; fileRef = A6CD4C42232F806700E13EEC /* Main.storyboard */; };
		A6CD4C46232F806900E13EEC /* Assets.xcassets in Resources */ = {isa = PBXBuildFile; fileRef = A6CD4C45232F806900E13EEC /* Assets.xcassets */; };
		A6CD4C49232F806900E13EEC /* LaunchScreen.storyboard in Resources */ = {isa = PBXBuildFile; fileRef = A6CD4C47232F806900E13EEC /* LaunchScreen.storyboard */; };
		A6CD4C4C232F806900E13EEC /* main.m in Sources */ = {isa = PBXBuildFile; fileRef = A6CD4C4B232F806900E13EEC /* main.m */; };
/* End PBXBuildFile section */

/* Begin PBXCopyFilesBuildPhase section */
		A661161B232FAF560095728E /* Embed Frameworks */ = {
			isa = PBXCopyFilesBuildPhase;
			buildActionMask = 2147483647;
			dstPath = "";
			dstSubfolderSpec = 10;
			files = (
				A678C7F723F1623800F6F95F /* (null) in Embed Frameworks */,
				A65A479923F1674E0020BE06 /* Pods_sdk_ios_objectivec_sample.framework in Embed Frameworks */,
			);
			name = "Embed Frameworks";
			runOnlyForDeploymentPostprocessing = 0;
		};
/* End PBXCopyFilesBuildPhase section */

/* Begin PBXFileReference section */
		680A3429245794D8A32CAA58 /* Pods_sdk_ios_objectivec_sample.framework */ = {isa = PBXFileReference; explicitFileType = wrapper.framework; includeInIndex = 0; path = Pods_sdk_ios_objectivec_sample.framework; sourceTree = BUILT_PRODUCTS_DIR; };
		A60916E423310D85003198A4 /* ServerCommunication.h */ = {isa = PBXFileReference; lastKnownFileType = sourcecode.c.h; path = ServerCommunication.h; sourceTree = "<group>"; };
		A60916E523310D85003198A4 /* ServerCommunication.m */ = {isa = PBXFileReference; lastKnownFileType = sourcecode.c.objc; path = ServerCommunication.m; sourceTree = "<group>"; };
		A6CD4C39232F806700E13EEC /* sdk_ios_objectivec_sample.app */ = {isa = PBXFileReference; explicitFileType = wrapper.application; includeInIndex = 0; path = sdk_ios_objectivec_sample.app; sourceTree = BUILT_PRODUCTS_DIR; };
		A6CD4C3C232F806700E13EEC /* AppDelegate.h */ = {isa = PBXFileReference; lastKnownFileType = sourcecode.c.h; path = AppDelegate.h; sourceTree = "<group>"; };
		A6CD4C3D232F806700E13EEC /* AppDelegate.m */ = {isa = PBXFileReference; lastKnownFileType = sourcecode.c.objc; path = AppDelegate.m; sourceTree = "<group>"; };
		A6CD4C3F232F806700E13EEC /* ViewController.h */ = {isa = PBXFileReference; lastKnownFileType = sourcecode.c.h; path = ViewController.h; sourceTree = "<group>"; };
		A6CD4C40232F806700E13EEC /* ViewController.m */ = {isa = PBXFileReference; lastKnownFileType = sourcecode.c.objc; path = ViewController.m; sourceTree = "<group>"; };
		A6CD4C43232F806700E13EEC /* Base */ = {isa = PBXFileReference; lastKnownFileType = file.storyboard; name = Base; path = Base.lproj/Main.storyboard; sourceTree = "<group>"; };
		A6CD4C45232F806900E13EEC /* Assets.xcassets */ = {isa = PBXFileReference; lastKnownFileType = folder.assetcatalog; path = Assets.xcassets; sourceTree = "<group>"; };
		A6CD4C48232F806900E13EEC /* Base */ = {isa = PBXFileReference; lastKnownFileType = file.storyboard; name = Base; path = Base.lproj/LaunchScreen.storyboard; sourceTree = "<group>"; };
		A6CD4C4A232F806900E13EEC /* Info.plist */ = {isa = PBXFileReference; lastKnownFileType = text.plist.xml; path = Info.plist; sourceTree = "<group>"; };
		A6CD4C4B232F806900E13EEC /* main.m */ = {isa = PBXFileReference; lastKnownFileType = sourcecode.c.objc; path = main.m; sourceTree = "<group>"; };
		AC9357D7F5C8A2A2CBA26FA6 /* Pods-sdk_ios_objectivec_sample.release.xcconfig */ = {isa = PBXFileReference; includeInIndex = 1; lastKnownFileType = text.xcconfig; name = "Pods-sdk_ios_objectivec_sample.release.xcconfig"; path = "Target Support Files/Pods-sdk_ios_objectivec_sample/Pods-sdk_ios_objectivec_sample.release.xcconfig"; sourceTree = "<group>"; };
		D4ED6176941A1D2A2C801667 /* Pods-sdk_ios_objectivec_sample.debug.xcconfig */ = {isa = PBXFileReference; includeInIndex = 1; lastKnownFileType = text.xcconfig; name = "Pods-sdk_ios_objectivec_sample.debug.xcconfig"; path = "Target Support Files/Pods-sdk_ios_objectivec_sample/Pods-sdk_ios_objectivec_sample.debug.xcconfig"; sourceTree = "<group>"; };
/* End PBXFileReference section */

/* Begin PBXFrameworksBuildPhase section */
		A6CD4C36232F806700E13EEC /* Frameworks */ = {
			isa = PBXFrameworksBuildPhase;
			buildActionMask = 2147483647;
			files = (
				A65A479823F1674E0020BE06 /* Pods_sdk_ios_objectivec_sample.framework in Frameworks */,
			);
			runOnlyForDeploymentPostprocessing = 0;
		};
/* End PBXFrameworksBuildPhase section */

/* Begin PBXGroup section */
		56A853770261B0299F78ADE4 /* Pods */ = {
			isa = PBXGroup;
			children = (
				D4ED6176941A1D2A2C801667 /* Pods-sdk_ios_objectivec_sample.debug.xcconfig */,
				AC9357D7F5C8A2A2CBA26FA6 /* Pods-sdk_ios_objectivec_sample.release.xcconfig */,
			);
			path = Pods;
			sourceTree = "<group>";
		};
		A6CD4C30232F806700E13EEC = {
			isa = PBXGroup;
			children = (
				A6CD4C3B232F806700E13EEC /* sdk_ios_objectivec_sample */,
				A6CD4C3A232F806700E13EEC /* Products */,
				56A853770261B0299F78ADE4 /* Pods */,
				C8C391FB5E6A8F2B03CE83C5 /* Frameworks */,
			);
			sourceTree = "<group>";
		};
		A6CD4C3A232F806700E13EEC /* Products */ = {
			isa = PBXGroup;
			children = (
				A6CD4C39232F806700E13EEC /* sdk_ios_objectivec_sample.app */,
			);
			name = Products;
			sourceTree = "<group>";
		};
		A6CD4C3B232F806700E13EEC /* sdk_ios_objectivec_sample */ = {
			isa = PBXGroup;
			children = (
				A6CD4C3C232F806700E13EEC /* AppDelegate.h */,
				A6CD4C3D232F806700E13EEC /* AppDelegate.m */,
				A6CD4C3F232F806700E13EEC /* ViewController.h */,
				A6CD4C40232F806700E13EEC /* ViewController.m */,
				A6CD4C42232F806700E13EEC /* Main.storyboard */,
				A6CD4C45232F806900E13EEC /* Assets.xcassets */,
				A6CD4C47232F806900E13EEC /* LaunchScreen.storyboard */,
				A6CD4C4A232F806900E13EEC /* Info.plist */,
				A6CD4C4B232F806900E13EEC /* main.m */,
				A60916E423310D85003198A4 /* ServerCommunication.h */,
				A60916E523310D85003198A4 /* ServerCommunication.m */,
			);
			path = sdk_ios_objectivec_sample;
			sourceTree = "<group>";
		};
		C8C391FB5E6A8F2B03CE83C5 /* Frameworks */ = {
			isa = PBXGroup;
			children = (
				680A3429245794D8A32CAA58 /* Pods_sdk_ios_objectivec_sample.framework */,
			);
			name = Frameworks;
			sourceTree = "<group>";
		};
/* End PBXGroup section */

/* Begin PBXNativeTarget section */
		A6CD4C38232F806700E13EEC /* sdk_ios_objectivec_sample */ = {
			isa = PBXNativeTarget;
			buildConfigurationList = A6CD4C4F232F806900E13EEC /* Build configuration list for PBXNativeTarget "sdk_ios_objectivec_sample" */;
			buildPhases = (
				BA8FA349618848C8C4A05D5C /* [CP] Check Pods Manifest.lock */,
				A6CD4C35232F806700E13EEC /* Sources */,
				A6CD4C36232F806700E13EEC /* Frameworks */,
				A6CD4C37232F806700E13EEC /* Resources */,
				A661161B232FAF560095728E /* Embed Frameworks */,
				4E659780F0956FA916D4D5DE /* [CP] Embed Pods Frameworks */,
			);
			buildRules = (
			);
			dependencies = (
			);
			name = sdk_ios_objectivec_sample;
			productName = "objectiveC-sdk-integration-example";
			productReference = A6CD4C39232F806700E13EEC /* sdk_ios_objectivec_sample.app */;
			productType = "com.apple.product-type.application";
		};
/* End PBXNativeTarget section */

/* Begin PBXProject section */
		A6CD4C31232F806700E13EEC /* Project object */ = {
			isa = PBXProject;
			attributes = {
				LastUpgradeCheck = 1020;
				ORGANIZATIONNAME = "Lyra Network";
				TargetAttributes = {
					A6CD4C38232F806700E13EEC = {
						CreatedOnToolsVersion = 10.2.1;
					};
				};
			};
			buildConfigurationList = A6CD4C34232F806700E13EEC /* Build configuration list for PBXProject "sdk_ios_objectivec_sample" */;
			compatibilityVersion = "Xcode 9.3";
			developmentRegion = en;
			hasScannedForEncodings = 0;
			knownRegions = (
				en,
				Base,
			);
			mainGroup = A6CD4C30232F806700E13EEC;
			productRefGroup = A6CD4C3A232F806700E13EEC /* Products */;
			projectDirPath = "";
			projectRoot = "";
			targets = (
				A6CD4C38232F806700E13EEC /* sdk_ios_objectivec_sample */,
			);
		};
/* End PBXProject section */

/* Begin PBXResourcesBuildPhase section */
		A6CD4C37232F806700E13EEC /* Resources */ = {
			isa = PBXResourcesBuildPhase;
			buildActionMask = 2147483647;
			files = (
				A6CD4C49232F806900E13EEC /* LaunchScreen.storyboard in Resources */,
				A6CD4C46232F806900E13EEC /* Assets.xcassets in Resources */,
				A6CD4C44232F806700E13EEC /* Main.storyboard in Resources */,
			);
			runOnlyForDeploymentPostprocessing = 0;
		};
/* End PBXResourcesBuildPhase section */

/* Begin PBXShellScriptBuildPhase section */
		4E659780F0956FA916D4D5DE /* [CP] Embed Pods Frameworks */ = {
			isa = PBXShellScriptBuildPhase;
			buildActionMask = 2147483647;
			files = (
			);
			inputFileListPaths = (
				"${PODS_ROOT}/Target Support Files/Pods-sdk_ios_objectivec_sample/Pods-sdk_ios_objectivec_sample-frameworks-${CONFIGURATION}-input-files.xcfilelist",
			);
			name = "[CP] Embed Pods Frameworks";
			outputFileListPaths = (
				"${PODS_ROOT}/Target Support Files/Pods-sdk_ios_objectivec_sample/Pods-sdk_ios_objectivec_sample-frameworks-${CONFIGURATION}-output-files.xcfilelist",
			);
			runOnlyForDeploymentPostprocessing = 0;
			shellPath = /bin/sh;
			shellScript = "\"${PODS_ROOT}/Target Support Files/Pods-sdk_ios_objectivec_sample/Pods-sdk_ios_objectivec_sample-frameworks.sh\"\n";
			showEnvVarsInLog = 0;
		};
		BA8FA349618848C8C4A05D5C /* [CP] Check Pods Manifest.lock */ = {
			isa = PBXShellScriptBuildPhase;
			buildActionMask = 2147483647;
			files = (
			);
			inputFileListPaths = (
			);
			inputPaths = (
				"${PODS_PODFILE_DIR_PATH}/Podfile.lock",
				"${PODS_ROOT}/Manifest.lock",
			);
			name = "[CP] Check Pods Manifest.lock";
			outputFileListPaths = (
			);
			outputPaths = (
				"$(DERIVED_FILE_DIR)/Pods-sdk_ios_objectivec_sample-checkManifestLockResult.txt",
			);
			runOnlyForDeploymentPostprocessing = 0;
			shellPath = /bin/sh;
			shellScript = "diff \"${PODS_PODFILE_DIR_PATH}/Podfile.lock\" \"${PODS_ROOT}/Manifest.lock\" > /dev/null\nif [ $? != 0 ] ; then\n    # print error to STDERR\n    echo \"error: The sandbox is not in sync with the Podfile.lock. Run 'pod install' or update your CocoaPods installation.\" >&2\n    exit 1\nfi\n# This output is used by Xcode 'outputs' to avoid re-running this script phase.\necho \"SUCCESS\" > \"${SCRIPT_OUTPUT_FILE_0}\"\n";
			showEnvVarsInLog = 0;
		};
/* End PBXShellScriptBuildPhase section */

/* Begin PBXSourcesBuildPhase section */
		A6CD4C35232F806700E13EEC /* Sources */ = {
			isa = PBXSourcesBuildPhase;
			buildActionMask = 2147483647;
			files = (
				A6CD4C41232F806700E13EEC /* ViewController.m in Sources */,
				A60916E623310D85003198A4 /* ServerCommunication.m in Sources */,
				A6CD4C4C232F806900E13EEC /* main.m in Sources */,
				A6CD4C3E232F806700E13EEC /* AppDelegate.m in Sources */,
			);
			runOnlyForDeploymentPostprocessing = 0;
		};
/* End PBXSourcesBuildPhase section */

/* Begin PBXVariantGroup section */
		A6CD4C42232F806700E13EEC /* Main.storyboard */ = {
			isa = PBXVariantGroup;
			children = (
				A6CD4C43232F806700E13EEC /* Base */,
			);
			name = Main.storyboard;
			sourceTree = "<group>";
		};
		A6CD4C47232F806900E13EEC /* LaunchScreen.storyboard */ = {
			isa = PBXVariantGroup;
			children = (
				A6CD4C48232F806900E13EEC /* Base */,
			);
			name = LaunchScreen.storyboard;
			sourceTree = "<group>";
		};
/* End PBXVariantGroup section */

/* Begin XCBuildConfiguration section */
		A6CD4C4D232F806900E13EEC /* Debug */ = {
			isa = XCBuildConfiguration;
			buildSettings = {
				ALWAYS_SEARCH_USER_PATHS = NO;
				CLANG_ANALYZER_NONNULL = YES;
				CLANG_ANALYZER_NUMBER_OBJECT_CONVERSION = YES_AGGRESSIVE;
				CLANG_CXX_LANGUAGE_STANDARD = "gnu++14";
				CLANG_CXX_LIBRARY = "libc++";
				CLANG_ENABLE_MODULES = YES;
				CLANG_ENABLE_OBJC_ARC = YES;
				CLANG_ENABLE_OBJC_WEAK = YES;
				CLANG_WARN_BLOCK_CAPTURE_AUTORELEASING = YES;
				CLANG_WARN_BOOL_CONVERSION = YES;
				CLANG_WARN_COMMA = YES;
				CLANG_WARN_CONSTANT_CONVERSION = YES;
				CLANG_WARN_DEPRECATED_OBJC_IMPLEMENTATIONS = YES;
				CLANG_WARN_DIRECT_OBJC_ISA_USAGE = YES_ERROR;
				CLANG_WARN_DOCUMENTATION_COMMENTS = YES;
				CLANG_WARN_EMPTY_BODY = YES;
				CLANG_WARN_ENUM_CONVERSION = YES;
				CLANG_WARN_INFINITE_RECURSION = YES;
				CLANG_WARN_INT_CONVERSION = YES;
				CLANG_WARN_NON_LITERAL_NULL_CONVERSION = YES;
				CLANG_WARN_OBJC_IMPLICIT_RETAIN_SELF = YES;
				CLANG_WARN_OBJC_LITERAL_CONVERSION = YES;
				CLANG_WARN_OBJC_ROOT_CLASS = YES_ERROR;
				CLANG_WARN_RANGE_LOOP_ANALYSIS = YES;
				CLANG_WARN_STRICT_PROTOTYPES = YES;
				CLANG_WARN_SUSPICIOUS_MOVE = YES;
				CLANG_WARN_UNGUARDED_AVAILABILITY = YES_AGGRESSIVE;
				CLANG_WARN_UNREACHABLE_CODE = YES;
				CLANG_WARN__DUPLICATE_METHOD_MATCH = YES;
				CODE_SIGN_IDENTITY = "iPhone Developer";
				COPY_PHASE_STRIP = NO;
				DEBUG_INFORMATION_FORMAT = dwarf;
				ENABLE_STRICT_OBJC_MSGSEND = YES;
				ENABLE_TESTABILITY = YES;
				GCC_C_LANGUAGE_STANDARD = gnu11;
				GCC_DYNAMIC_NO_PIC = NO;
				GCC_NO_COMMON_BLOCKS = YES;
				GCC_OPTIMIZATION_LEVEL = 0;
				GCC_PREPROCESSOR_DEFINITIONS = (
					"DEBUG=1",
					"$(inherited)",
				);
				GCC_WARN_64_TO_32_BIT_CONVERSION = YES;
				GCC_WARN_ABOUT_RETURN_TYPE = YES_ERROR;
				GCC_WARN_UNDECLARED_SELECTOR = YES;
				GCC_WARN_UNINITIALIZED_AUTOS = YES_AGGRESSIVE;
				GCC_WARN_UNUSED_FUNCTION = YES;
				GCC_WARN_UNUSED_VARIABLE = YES;
				IPHONEOS_DEPLOYMENT_TARGET = 12.0;
				MTL_ENABLE_DEBUG_INFO = INCLUDE_SOURCE;
				MTL_FAST_MATH = YES;
				ONLY_ACTIVE_ARCH = YES;
				SDKROOT = iphoneos;
			};
			name = Debug;
		};
		A6CD4C4E232F806900E13EEC /* Release */ = {
			isa = XCBuildConfiguration;
			buildSettings = {
				ALWAYS_SEARCH_USER_PATHS = NO;
				CLANG_ANALYZER_NONNULL = YES;
				CLANG_ANALYZER_NUMBER_OBJECT_CONVERSION = YES_AGGRESSIVE;
				CLANG_CXX_LANGUAGE_STANDARD = "gnu++14";
				CLANG_CXX_LIBRARY = "libc++";
				CLANG_ENABLE_MODULES = YES;
				CLANG_ENABLE_OBJC_ARC = YES;
				CLANG_ENABLE_OBJC_WEAK = YES;
				CLANG_WARN_BLOCK_CAPTURE_AUTORELEASING = YES;
				CLANG_WARN_BOOL_CONVERSION = YES;
				CLANG_WARN_COMMA = YES;
				CLANG_WARN_CONSTANT_CONVERSION = YES;
				CLANG_WARN_DEPRECATED_OBJC_IMPLEMENTATIONS = YES;
				CLANG_WARN_DIRECT_OBJC_ISA_USAGE = YES_ERROR;
				CLANG_WARN_DOCUMENTATION_COMMENTS = YES;
				CLANG_WARN_EMPTY_BODY = YES;
				CLANG_WARN_ENUM_CONVERSION = YES;
				CLANG_WARN_INFINITE_RECURSION = YES;
				CLANG_WARN_INT_CONVERSION = YES;
				CLANG_WARN_NON_LITERAL_NULL_CONVERSION = YES;
				CLANG_WARN_OBJC_IMPLICIT_RETAIN_SELF = YES;
				CLANG_WARN_OBJC_LITERAL_CONVERSION = YES;
				CLANG_WARN_OBJC_ROOT_CLASS = YES_ERROR;
				CLANG_WARN_RANGE_LOOP_ANALYSIS = YES;
				CLANG_WARN_STRICT_PROTOTYPES = YES;
				CLANG_WARN_SUSPICIOUS_MOVE = YES;
				CLANG_WARN_UNGUARDED_AVAILABILITY = YES_AGGRESSIVE;
				CLANG_WARN_UNREACHABLE_CODE = YES;
				CLANG_WARN__DUPLICATE_METHOD_MATCH = YES;
				CODE_SIGN_IDENTITY = "iPhone Developer";
				COPY_PHASE_STRIP = NO;
				DEBUG_INFORMATION_FORMAT = "dwarf-with-dsym";
				ENABLE_NS_ASSERTIONS = NO;
				ENABLE_STRICT_OBJC_MSGSEND = YES;
				GCC_C_LANGUAGE_STANDARD = gnu11;
				GCC_NO_COMMON_BLOCKS = YES;
				GCC_WARN_64_TO_32_BIT_CONVERSION = YES;
				GCC_WARN_ABOUT_RETURN_TYPE = YES_ERROR;
				GCC_WARN_UNDECLARED_SELECTOR = YES;
				GCC_WARN_UNINITIALIZED_AUTOS = YES_AGGRESSIVE;
				GCC_WARN_UNUSED_FUNCTION = YES;
				GCC_WARN_UNUSED_VARIABLE = YES;
				IPHONEOS_DEPLOYMENT_TARGET = 12.0;
				MTL_ENABLE_DEBUG_INFO = NO;
				MTL_FAST_MATH = YES;
				SDKROOT = iphoneos;
				VALIDATE_PRODUCT = YES;
			};
			name = Release;
		};
		A6CD4C50232F806900E13EEC /* Debug */ = {
			isa = XCBuildConfiguration;
			baseConfigurationReference = D4ED6176941A1D2A2C801667 /* Pods-sdk_ios_objectivec_sample.debug.xcconfig */;
			buildSettings = {
				ASSETCATALOG_COMPILER_APPICON_NAME = AppIcon;
				CODE_SIGN_STYLE = Automatic;
				DEVELOPMENT_TEAM = YNB6GZCAPQ;
				FRAMEWORK_SEARCH_PATHS = (
					"$(inherited)",
					"$(PROJECT_DIR)/Carthage/Build/iOS",
				);
				INFOPLIST_FILE = sdk_ios_objectivec_sample/Info.plist;
				LD_RUNPATH_SEARCH_PATHS = (
					"$(inherited)",
					"@executable_path/Frameworks",
				);
				PRODUCT_BUNDLE_IDENTIFIER = "com.lyra.sdk-ios-objectivec-sample";
				PRODUCT_NAME = "$(TARGET_NAME)";
				TARGETED_DEVICE_FAMILY = "1,2";
			};
			name = Debug;
		};
		A6CD4C51232F806900E13EEC /* Release */ = {
			isa = XCBuildConfiguration;
			baseConfigurationReference = AC9357D7F5C8A2A2CBA26FA6 /* Pods-sdk_ios_objectivec_sample.release.xcconfig */;
			buildSettings = {
				ASSETCATALOG_COMPILER_APPICON_NAME = AppIcon;
				CODE_SIGN_STYLE = Automatic;
				DEVELOPMENT_TEAM = YNB6GZCAPQ;
				FRAMEWORK_SEARCH_PATHS = (
					"$(inherited)",
					"$(PROJECT_DIR)/Carthage/Build/iOS",
				);
				INFOPLIST_FILE = sdk_ios_objectivec_sample/Info.plist;
				LD_RUNPATH_SEARCH_PATHS = (
					"$(inherited)",
					"@executable_path/Frameworks",
				);
				PRODUCT_BUNDLE_IDENTIFIER = "com.lyra.sdk-ios-objectivec-sample";
				PRODUCT_NAME = "$(TARGET_NAME)";
				TARGETED_DEVICE_FAMILY = "1,2";
			};
			name = Release;
		};
/* End XCBuildConfiguration section */

/* Begin XCConfigurationList section */
		A6CD4C34232F806700E13EEC /* Build configuration list for PBXProject "sdk_ios_objectivec_sample" */ = {
			isa = XCConfigurationList;
			buildConfigurations = (
				A6CD4C4D232F806900E13EEC /* Debug */,
				A6CD4C4E232F806900E13EEC /* Release */,
			);
			defaultConfigurationIsVisible = 0;
			defaultConfigurationName = Release;
		};
		A6CD4C4F232F806900E13EEC /* Build configuration list for PBXNativeTarget "sdk_ios_objectivec_sample" */ = {
			isa = XCConfigurationList;
			buildConfigurations = (
				A6CD4C50232F806900E13EEC /* Debug */,
				A6CD4C51232F806900E13EEC /* Release */,
			);
			defaultConfigurationIsVisible = 0;
			defaultConfigurationName = Release;
		};
/* End XCConfigurationList section */
	};
	rootObject = A6CD4C31232F806700E13EEC /* Project object */;
}
